PODS:
  - Alamofire (4.7.3)
  - QRCodeGenerator (1.0.5)

DEPENDENCIES:
  - Alamofire
  - QRCodeGenerator

SPEC REPOS:
  https://github.com/cocoapods/specs.git:
    - Alamofire
    - QRCodeGenerator

SPEC CHECKSUMS:
  Alamofire: c7287b6e5d7da964a70935e5db17046b7fde6568
  QRCodeGenerator: dfa6981a0e571c0f7d90cc15e9ecc6d849a14d27

PODFILE CHECKSUM: 759b37dd4fb023e818cb03b0f1f1b2af86fa0792

COCOAPODS: 1.5.3
